
Microsoft Visual Studio Solution File, Format Version 12.00
# Visual Studio 15
VisualStudioVersion = 15.0.27703.2000
MinimumVisualStudioVersion = 10.0.40219.1
Project("{FAE04EC0-301F-11D3-BF4B-00C04F79EFBC}") = "Segecev_backend", "Segecev_backend\Segecev_backend.csproj", "{0891357B-B0F3-4886-8CDC-8E790CF134EA}"
EndProject
Project("{FAE04EC0-301F-11D3-BF4B-00C04F79EFBC}") = "BDD_Proyecto", "BDD_Proyecto\BDD_Proyecto.csproj", "{DFBE04E9-1646-4449-9A8A-73DC0BCEE806}"
EndProject
Global
	GlobalSection(SolutionConfigurationPlatforms) = preSolution
		Debug|Any CPU = Debug|Any CPU
		Release|Any CPU = Release|Any CPU
	EndGlobalSection
	GlobalSection(ProjectConfigurationPlatforms) = postSolution
		{0891357B-B0F3-4886-8CDC-8E790CF134EA}.Debug|Any CPU.ActiveCfg = Debug|Any CPU
		{0891357B-B0F3-4886-8CDC-8E790CF134EA}.Debug|Any CPU.Build.0 = Debug|Any CPU
		{0891357B-B0F3-4886-8CDC-8E790CF134EA}.Release|Any CPU.ActiveCfg = Release|Any CPU
		{0891357B-B0F3-4886-8CDC-8E790CF134EA}.Release|Any CPU.Build.0 = Release|Any CPU
		{DFBE04E9-1646-4449-9A8A-73DC0BCEE806}.Debug|Any CPU.ActiveCfg = Debug|Any CPU
		{DFBE04E9-1646-4449-9A8A-73DC0BCEE806}.Debug|Any CPU.Build.0 = Debug|Any CPU
		{DFBE04E9-1646-4449-9A8A-73DC0BCEE806}.Release|Any CPU.ActiveCfg = Release|Any CPU
		{DFBE04E9-1646-4449-9A8A-73DC0BCEE806}.Release|Any CPU.Build.0 = Release|Any CPU
	EndGlobalSection
	GlobalSection(SolutionProperties) = preSolution
		HideSolutionNode = FALSE
	EndGlobalSection
	GlobalSection(ExtensibilityGlobals) = postSolution
		SolutionGuid = {799C3B26-8E75-410A-BE33-7C9C785B1CAB}
	EndGlobalSection
EndGlobal
